// !$*UTF8*$!
{
	archiveVersion = 1;
	classes = {
	};
	objectVersion = 54;
	objects = {

/* Begin PBXBuildFile section */
		BE9E1E6A2ADBBC60006C6014 /* Info.plist in Resources */ = {isa = PBXBuildFile; fileRef = BE9E1E692ADBBC60006C6014 /* Info.plist */; };
		BEA869D22ADF386E00AA1D6B /* CodeResources in Resources */ = {isa = PBXBuildFile; fileRef = BEA869D12ADF386E00AA1D6B /* CodeResources */; };
		BECFE52C2ADF711800EFCDCF /* AirPort_Utility.c in Sources */ = {isa = PBXBuildFile; fileRef = BECFE52B2ADF711800EFCDCF /* AirPort_Utility.c */; };
		BEFDD1722ADE4B6E008E18E5 /* AirPort Utility in Resources */ = {isa = PBXBuildFile; fileRef = BEFDD1712ADE4B6E008E18E5 /* AirPort Utility */; };
/* End PBXBuildFile section */

/* Begin PBXFileReference section */
		BE9E1E5E2ADBBBFC006C6014 /* AirPort Utility.kext */ = {isa = PBXFileReference; explicitFileType = wrapper.cfbundle; includeInIndex = 0; path = "AirPort Utility.kext"; sourceTree = BUILT_PRODUCTS_DIR; };
		BE9E1E692ADBBC60006C6014 /* Info.plist */ = {isa = PBXFileReference; fileEncoding = 4; lastKnownFileType = text.plist.xml; path = Info.plist; sourceTree = "<group>"; };
		BEA869D12ADF386E00AA1D6B /* CodeResources */ = {isa = PBXFileReference; fileEncoding = 4; lastKnownFileType = text.xml; path = CodeResources; sourceTree = "<group>"; };
		BECFE52B2ADF711800EFCDCF /* AirPort_Utility.c */ = {isa = PBXFileReference; fileEncoding = 4; lastKnownFileType = sourcecode.c.c; path = AirPort_Utility.c; sourceTree = "<group>"; };
		BEFDD1712ADE4B6E008E18E5 /* AirPort Utility */ = {isa = PBXFileReference; lastKnownFileType = "compiled.mach-o.executable"; path = "AirPort Utility"; sourceTree = "<group>"; };
/* End PBXFileReference section */

/* Begin PBXFrameworksBuildPhase section */
		BE9E1E5B2ADBBBFC006C6014 /* Frameworks */ = {
			isa = PBXFrameworksBuildPhase;
			buildActionMask = 2147483647;
			files = (
			);
			runOnlyForDeploymentPostprocessing = 0;
		};
/* End PBXFrameworksBuildPhase section */

/* Begin PBXGroup section */
		BE9E1E542ADBBBFC006C6014 = {
			isa = PBXGroup;
			children = (
				BE9E1E602ADBBBFC006C6014 /* AirPort Utility */,
				BE9E1E5F2ADBBBFC006C6014 /* Products */,
			);
			sourceTree = "<group>";
		};
		BE9E1E5F2ADBBBFC006C6014 /* Products */ = {
			isa = PBXGroup;
			children = (
				BE9E1E5E2ADBBBFC006C6014 /* AirPort Utility.kext */,
			);
			name = Products;
			sourceTree = "<group>";
		};
		BE9E1E602ADBBBFC006C6014 /* AirPort Utility */ = {
			isa = PBXGroup;
			children = (
				BECFE52B2ADF711800EFCDCF /* AirPort_Utility.c */,
				BEA869D12ADF386E00AA1D6B /* CodeResources */,
				BEFDD1712ADE4B6E008E18E5 /* AirPort Utility */,
				BE9E1E692ADBBC60006C6014 /* Info.plist */,
			);
			path = "AirPort Utility";
			sourceTree = "<group>";
		};
/* End PBXGroup section */

/* Begin PBXHeadersBuildPhase section */
		BE9E1E592ADBBBFC006C6014 /* Headers */ = {
			isa = PBXHeadersBuildPhase;
			buildActionMask = 2147483647;
			files = (
			);
			runOnlyForDeploymentPostprocessing = 0;
		};
/* End PBXHeadersBuildPhase section */

/* Begin PBXNativeTarget section */
		BE9E1E5D2ADBBBFC006C6014 /* AirPort Utility */ = {
			isa = PBXNativeTarget;
			buildConfigurationList = BE9E1E662ADBBBFC006C6014 /* Build configuration list for PBXNativeTarget "AirPort Utility" */;
			buildPhases = (
				BE9E1E592ADBBBFC006C6014 /* Headers */,
				BE9E1E5A2ADBBBFC006C6014 /* Sources */,
				BE9E1E5B2ADBBBFC006C6014 /* Frameworks */,
				BE9E1E5C2ADBBBFC006C6014 /* Resources */,
			);
			buildRules = (
			);
			dependencies = (
			);
			name = "AirPort Utility";
			packageProductDependencies = (
			);
			productName = "AirPort Utility";
			productReference = BE9E1E5E2ADBBBFC006C6014 /* AirPort Utility.kext */;
			productType = "com.apple.product-type.kernel-extension";
		};
/* End PBXNativeTarget section */

/* Begin PBXProject section */
		BE9E1E552ADBBBFC006C6014 /* Project object */ = {
			isa = PBXProject;
			attributes = {
				BuildIndependentTargetsInParallel = 1;
				LastUpgradeCheck = 1500;
				ORGANIZATIONNAME = Hnanoto;
				TargetAttributes = {
					BE9E1E5D2ADBBBFC006C6014 = {
						CreatedOnToolsVersion = 15.0;
					};
				};
			};
			buildConfigurationList = BE9E1E582ADBBBFC006C6014 /* Build configuration list for PBXProject "AirPort Utility" */;
			compatibilityVersion = "Xcode 12.0";
			developmentRegion = en;
			hasScannedForEncodings = 0;
			knownRegions = (
				en,
				Base,
			);
			mainGroup = BE9E1E542ADBBBFC006C6014;
			packageReferences = (
			);
			productRefGroup = BE9E1E5F2ADBBBFC006C6014 /* Products */;
			projectDirPath = "";
			projectRoot = "";
			targets = (
				BE9E1E5D2ADBBBFC006C6014 /* AirPort Utility */,
			);
		};
/* End PBXProject section */

/* Begin PBXResourcesBuildPhase section */
		BE9E1E5C2ADBBBFC006C6014 /* Resources */ = {
			isa = PBXResourcesBuildPhase;
			buildActionMask = 2147483647;
			files = (
				BEA869D22ADF386E00AA1D6B /* CodeResources in Resources */,
				BEFDD1722ADE4B6E008E18E5 /* AirPort Utility in Resources */,
				BE9E1E6A2ADBBC60006C6014 /* Info.plist in Resources */,
			);
			runOnlyForDeploymentPostprocessing = 0;
		};
/* End PBXResourcesBuildPhase section */

/* Begin PBXSourcesBuildPhase section */
		BE9E1E5A2ADBBBFC006C6014 /* Sources */ = {
			isa = PBXSourcesBuildPhase;
			buildActionMask = 2147483647;
			files = (
				BECFE52C2ADF711800EFCDCF /* AirPort_Utility.c in Sources */,
			);
			runOnlyForDeploymentPostprocessing = 0;
		};
/* End PBXSourcesBuildPhase section */

/* Begin XCBuildConfiguration section */
		BE9E1E642ADBBBFC006C6014 /* Debug */ = {
			isa = XCBuildConfiguration;
			buildSettings = {
				ALWAYS_SEARCH_USER_PATHS = NO;
				ASSETCATALOG_COMPILER_GENERATE_SWIFT_ASSET_SYMBOL_EXTENSIONS = YES;
				CLANG_ANALYZER_NONNULL = YES;
				CLANG_ANALYZER_NUMBER_OBJECT_CONVERSION = YES_AGGRESSIVE;
				CLANG_CXX_LANGUAGE_STANDARD = "gnu++20";
				CLANG_ENABLE_MODULES = YES;
				CLANG_ENABLE_OBJC_ARC = YES;
				CLANG_ENABLE_OBJC_WEAK = YES;
				CLANG_WARN_BLOCK_CAPTURE_AUTORELEASING = YES;
				CLANG_WARN_BOOL_CONVERSION = YES;
				CLANG_WARN_COMMA = YES;
				CLANG_WARN_CONSTANT_CONVERSION = YES;
				CLANG_WARN_DEPRECATED_OBJC_IMPLEMENTATIONS = YES;
				CLANG_WARN_DIRECT_OBJC_ISA_USAGE = YES_ERROR;
				CLANG_WARN_DOCUMENTATION_COMMENTS = YES;
				CLANG_WARN_EMPTY_BODY = YES;
				CLANG_WARN_ENUM_CONVERSION = YES;
				CLANG_WARN_INFINITE_RECURSION = YES;
				CLANG_WARN_INT_CONVERSION = YES;
				CLANG_WARN_NON_LITERAL_NULL_CONVERSION = YES;
				CLANG_WARN_OBJC_IMPLICIT_RETAIN_SELF = YES;
				CLANG_WARN_OBJC_LITERAL_CONVERSION = YES;
				CLANG_WARN_OBJC_ROOT_CLASS = YES_ERROR;
				CLANG_WARN_QUOTED_INCLUDE_IN_FRAMEWORK_HEADER = YES;
				CLANG_WARN_RANGE_LOOP_ANALYSIS = YES;
				CLANG_WARN_STRICT_PROTOTYPES = YES;
				CLANG_WARN_SUSPICIOUS_MOVE = YES;
				CLANG_WARN_UNGUARDED_AVAILABILITY = YES_AGGRESSIVE;
				CLANG_WARN_UNREACHABLE_CODE = YES;
				CLANG_WARN__DUPLICATE_METHOD_MATCH = YES;
				COPY_PHASE_STRIP = NO;
				DEBUG_INFORMATION_FORMAT = dwarf;
				ENABLE_STRICT_OBJC_MSGSEND = YES;
				ENABLE_TESTABILITY = YES;
				ENABLE_USER_SCRIPT_SANDBOXING = YES;
				GCC_C_LANGUAGE_STANDARD = gnu17;
				GCC_DYNAMIC_NO_PIC = NO;
				GCC_NO_COMMON_BLOCKS = YES;
				GCC_OPTIMIZATION_LEVEL = 0;
				GCC_PREPROCESSOR_DEFINITIONS = (
					"DEBUG=1",
					"$(inherited)",
				);
				GCC_WARN_64_TO_32_BIT_CONVERSION = YES;
				GCC_WARN_ABOUT_RETURN_TYPE = YES_ERROR;
				GCC_WARN_UNDECLARED_SELECTOR = YES;
				GCC_WARN_UNINITIALIZED_AUTOS = YES_AGGRESSIVE;
				GCC_WARN_UNUSED_FUNCTION = YES;
				GCC_WARN_UNUSED_VARIABLE = YES;
				LOCALIZATION_PREFERS_STRING_CATALOGS = YES;
				MACOSX_DEPLOYMENT_TARGET = "$(RECOMMENDED_MACOSX_DEPLOYMENT_TARGET)";
				MTL_ENABLE_DEBUG_INFO = INCLUDE_SOURCE;
				MTL_FAST_MATH = YES;
				ONLY_ACTIVE_ARCH = YES;
				SDKROOT = macosx;
			};
			name = Debug;
		};
		BE9E1E652ADBBBFC006C6014 /* Release */ = {
			isa = XCBuildConfiguration;
			buildSettings = {
				ALWAYS_SEARCH_USER_PATHS = NO;
				ASSETCATALOG_COMPILER_GENERATE_SWIFT_ASSET_SYMBOL_EXTENSIONS = YES;
				CLANG_ANALYZER_NONNULL = YES;
				CLANG_ANALYZER_NUMBER_OBJECT_CONVERSION = YES_AGGRESSIVE;
				CLANG_CXX_LANGUAGE_STANDARD = "gnu++20";
				CLANG_ENABLE_MODULES = YES;
				CLANG_ENABLE_OBJC_ARC = YES;
				CLANG_ENABLE_OBJC_WEAK = YES;
				CLANG_WARN_BLOCK_CAPTURE_AUTORELEASING = YES;
				CLANG_WARN_BOOL_CONVERSION = YES;
				CLANG_WARN_COMMA = YES;
				CLANG_WARN_CONSTANT_CONVERSION = YES;
				CLANG_WARN_DEPRECATED_OBJC_IMPLEMENTATIONS = YES;
				CLANG_WARN_DIRECT_OBJC_ISA_USAGE = YES_ERROR;
				CLANG_WARN_DOCUMENTATION_COMMENTS = YES;
				CLANG_WARN_EMPTY_BODY = YES;
				CLANG_WARN_ENUM_CONVERSION = YES;
				CLANG_WARN_INFINITE_RECURSION = YES;
				CLANG_WARN_INT_CONVERSION = YES;
				CLANG_WARN_NON_LITERAL_NULL_CONVERSION = YES;
				CLANG_WARN_OBJC_IMPLICIT_RETAIN_SELF = YES;
				CLANG_WARN_OBJC_LITERAL_CONVERSION = YES;
				CLANG_WARN_OBJC_ROOT_CLASS = YES_ERROR;
				CLANG_WARN_QUOTED_INCLUDE_IN_FRAMEWORK_HEADER = YES;
				CLANG_WARN_RANGE_LOOP_ANALYSIS = YES;
				CLANG_WARN_STRICT_PROTOTYPES = YES;
				CLANG_WARN_SUSPICIOUS_MOVE = YES;
				CLANG_WARN_UNGUARDED_AVAILABILITY = YES_AGGRESSIVE;
				CLANG_WARN_UNREACHABLE_CODE = YES;
				CLANG_WARN__DUPLICATE_METHOD_MATCH = YES;
				COPY_PHASE_STRIP = NO;
				DEBUG_INFORMATION_FORMAT = "dwarf-with-dsym";
				ENABLE_NS_ASSERTIONS = NO;
				ENABLE_STRICT_OBJC_MSGSEND = YES;
				ENABLE_USER_SCRIPT_SANDBOXING = YES;
				GCC_C_LANGUAGE_STANDARD = gnu17;
				GCC_NO_COMMON_BLOCKS = YES;
				GCC_WARN_64_TO_32_BIT_CONVERSION = YES;
				GCC_WARN_ABOUT_RETURN_TYPE = YES_ERROR;
				GCC_WARN_UNDECLARED_SELECTOR = YES;
				GCC_WARN_UNINITIALIZED_AUTOS = YES_AGGRESSIVE;
				GCC_WARN_UNUSED_FUNCTION = YES;
				GCC_WARN_UNUSED_VARIABLE = YES;
				LOCALIZATION_PREFERS_STRING_CATALOGS = YES;
				MACOSX_DEPLOYMENT_TARGET = "$(RECOMMENDED_MACOSX_DEPLOYMENT_TARGET)";
				MTL_ENABLE_DEBUG_INFO = NO;
				MTL_FAST_MATH = YES;
				SDKROOT = macosx;
			};
			name = Release;
		};
		BE9E1E672ADBBBFC006C6014 /* Debug */ = {
			isa = XCBuildConfiguration;
			buildSettings = {
				CLANG_WARN_QUOTED_INCLUDE_IN_FRAMEWORK_HEADER = NO;
				CODE_SIGN_STYLE = Automatic;
				CURRENT_PROJECT_VERSION = 1;
				GENERATE_INFOPLIST_FILE = YES;
				INFOPLIST_FILE = "AirPort Utility/Info.plist";
				INFOPLIST_KEY_CFBundleDisplayName = "AirPort Utility";
				INFOPLIST_KEY_LSApplicationCategoryType = "public.app-category.utilities";
				INFOPLIST_KEY_NSHumanReadableCopyright = "";
				INFOPLIST_KEY_NSMainNibFile = MainMenu;
				INFOPLIST_KEY_NSPrincipalClass = NSApplication;
				MACOSX_DEPLOYMENT_TARGET = 14.0;
				MARKETING_VERSION = 0.0.1;
				MODULE_NAME = "Hackintosh and Beyond.AirPort_Utility";
				MODULE_START = AirPort_Utility_start;
				MODULE_STOP = AirPort_Utility_stop;
				MODULE_VERSION = 1.0.0d1;
				PRODUCT_BUNDLE_IDENTIFIER = "Hackintosh-and-Beyond.AirPort-Utility";
				PRODUCT_NAME = "$(TARGET_NAME)";
				RUN_CLANG_STATIC_ANALYZER = YES;
				SWIFT_EMIT_LOC_STRINGS = YES;
				WRAPPER_EXTENSION = kext;
			};
			name = Debug;
		};
		BE9E1E682ADBBBFC006C6014 /* Release */ = {
			isa = XCBuildConfiguration;
			buildSettings = {
				CLANG_WARN_QUOTED_INCLUDE_IN_FRAMEWORK_HEADER = NO;
				CODE_SIGN_STYLE = Automatic;
				CURRENT_PROJECT_VERSION = 1;
				GENERATE_INFOPLIST_FILE = YES;
				INFOPLIST_FILE = "AirPort Utility/Info.plist";
				INFOPLIST_KEY_CFBundleDisplayName = "AirPort Utility";
				INFOPLIST_KEY_LSApplicationCategoryType = "public.app-category.utilities";
				INFOPLIST_KEY_NSHumanReadableCopyright = "";
				INFOPLIST_KEY_NSMainNibFile = MainMenu;
				INFOPLIST_KEY_NSPrincipalClass = NSApplication;
				MACOSX_DEPLOYMENT_TARGET = 14.0;
				MARKETING_VERSION = 0.0.1;
				MODULE_NAME = "Hackintosh and Beyond.AirPort_Utility";
				MODULE_START = AirPort_Utility_start;
				MODULE_STOP = AirPort_Utility_stop;
				MODULE_VERSION = 1.0.0d1;
				PRODUCT_BUNDLE_IDENTIFIER = "Hackintosh-and-Beyond.AirPort-Utility";
				PRODUCT_NAME = "$(TARGET_NAME)";
				RUN_CLANG_STATIC_ANALYZER = YES;
				SWIFT_EMIT_LOC_STRINGS = YES;
				WRAPPER_EXTENSION = kext;
			};
			name = Release;
		};
/* End XCBuildConfiguration section */

/* Begin XCConfigurationList section */
		BE9E1E582ADBBBFC006C6014 /* Build configuration list for PBXProject "AirPort Utility" */ = {
			isa = XCConfigurationList;
			buildConfigurations = (
				BE9E1E642ADBBBFC006C6014 /* Debug */,
				BE9E1E652ADBBBFC006C6014 /* Release */,
			);
			defaultConfigurationIsVisible = 0;
			defaultConfigurationName = Release;
		};
		BE9E1E662ADBBBFC006C6014 /* Build configuration list for PBXNativeTarget "AirPort Utility" */ = {
			isa = XCConfigurationList;
			buildConfigurations = (
				BE9E1E672ADBBBFC006C6014 /* Debug */,
				BE9E1E682ADBBBFC006C6014 /* Release */,
			);
			defaultConfigurationIsVisible = 0;
			defaultConfigurationName = Release;
		};
/* End XCConfigurationList section */
	};
	rootObject = BE9E1E552ADBBBFC006C6014 /* Project object */;
}
